
macbook@MacbooksMacBook github-final % terraform plan

Terraform used the selected providers to generate the following execution plan. Resource actions are indicated with the following
symbols:
  + create
 <= read (data resources)

Terraform will perform the following actions:

  # module.ec2.aws_instance.server1 will be created
  + resource "aws_instance" "server1" {
      + ami                                  = "ami-094bbd9e922dc515d"
      + arn                                  = (known after apply)
      + associate_public_ip_address          = (known after apply)
      + availability_zone                    = (known after apply)
      + cpu_core_count                       = (known after apply)
      + cpu_threads_per_core                 = (known after apply)
      + disable_api_stop                     = (known after apply)
      + disable_api_termination              = (known after apply)
      + ebs_optimized                        = (known after apply)
      + get_password_data                    = false
      + host_id                              = (known after apply)
      + host_resource_group_arn              = (known after apply)
      + id                                   = (known after apply)
      + instance_initiated_shutdown_behavior = (known after apply)
      + instance_state                       = (known after apply)
      + instance_type                        = "t3.nano"
      + ipv6_address_count                   = (known after apply)
      + ipv6_addresses                       = (known after apply)
      + key_name                             = (known after apply)
      + monitoring                           = (known after apply)
      + outpost_arn                          = (known after apply)
      + password_data                        = (known after apply)
      + placement_group                      = (known after apply)
      + placement_partition_number           = (known after apply)
      + primary_network_interface_id         = (known after apply)
      + private_dns                          = (known after apply)
      + private_ip                           = (known after apply)
      + public_dns                           = (known after apply)
      + public_ip                            = (known after apply)
      + secondary_private_ips                = (known after apply)
      + security_groups                      = (known after apply)
      + source_dest_check                    = true
      + subnet_id                            = "192.168.3.0/24"
      + tags                                 = {
          + "Name" = "dev_server"
        }
      + tags_all                             = {
          + "Name" = "dev_server"
        }
      + tenancy                              = (known after apply)
      + user_data                            = (known after apply)
      + user_data_base64                     = (known after apply)
      + user_data_replace_on_change          = false
      + vpc_security_group_ids               = (known after apply)

      + capacity_reservation_specification {
          + capacity_reservation_preference = (known after apply)

          + capacity_reservation_target {
              + capacity_reservation_id                 = (known after apply)
              + capacity_reservation_resource_group_arn = (known after apply)
            }
        }

      + ebs_block_device {
          + delete_on_termination = (known after apply)
          + device_name           = (known after apply)
          + encrypted             = (known after apply)
          + iops                  = (known after apply)
          + kms_key_id            = (known after apply)
          + snapshot_id           = (known after apply)
          + tags                  = (known after apply)
          + throughput            = (known after apply)
          + volume_id             = (known after apply)
          + volume_size           = (known after apply)
          + volume_type           = (known after apply)
        }

      + enclave_options {
          + enabled = (known after apply)
        }

      + ephemeral_block_device {
          + device_name  = (known after apply)
          + no_device    = (known after apply)
          + virtual_name = (known after apply)
        }

      + maintenance_options {
          + auto_recovery = (known after apply)
        }

      + metadata_options {
          + http_endpoint               = (known after apply)
          + http_put_response_hop_limit = (known after apply)
          + http_tokens                 = (known after apply)
          + instance_metadata_tags      = (known after apply)
        }

      + network_interface {
          + delete_on_termination = (known after apply)
          + device_index          = (known after apply)
          + network_card_index    = (known after apply)
          + network_interface_id  = (known after apply)
        }

      + private_dns_name_options {
          + enable_resource_name_dns_a_record    = (known after apply)
          + enable_resource_name_dns_aaaa_record = (known after apply)
          + hostname_type                        = (known after apply)
        }

      + root_block_device {
          + delete_on_termination = (known after apply)
          + device_name           = (known after apply)
          + encrypted             = (known after apply)
          + iops                  = (known after apply)
          + kms_key_id            = (known after apply)
          + tags                  = (known after apply)
          + throughput            = (known after apply)
          + volume_id             = (known after apply)
          + volume_size           = (known after apply)
          + volume_type           = (known after apply)
        }
    }

  # module.my_vpc.aws_internet_gateway.geo_gw will be created
  + resource "aws_internet_gateway" "geo_gw" {
      + arn      = (known after apply)
      + id       = (known after apply)
      + owner_id = (known after apply)
      + tags     = {
          + "Name" = "Geo_internet_gateway"
        }
      + tags_all = {
          + "Name" = "Geo_internet_gateway"
        }
      + vpc_id   = (known after apply)
    }

  # module.my_vpc.aws_nat_gateway.nat[0] will be created
  + resource "aws_nat_gateway" "nat" {
      + connectivity_type    = "private"
      + id                   = (known after apply)
      + network_interface_id = (known after apply)
      + private_ip           = (known after apply)
      + public_ip            = (known after apply)
      + subnet_id            = (known after apply)
      + tags                 = {
          + "Name" = "NAT_0"
        }
      + tags_all             = {
          + "Name" = "NAT_0"
        }
    }

  # module.my_vpc.aws_nat_gateway.nat[1] will be created
  + resource "aws_nat_gateway" "nat" {
      + connectivity_type    = "private"
      + id                   = (known after apply)
      + network_interface_id = (known after apply)
      + private_ip           = (known after apply)
      + public_ip            = (known after apply)
      + subnet_id            = (known after apply)
      + tags                 = {
          + "Name" = "NAT_1"
        }
      + tags_all             = {
          + "Name" = "NAT_1"
        }
    }

  # module.my_vpc.aws_route.internet_gateway_route[0] will be created
  + resource "aws_route" "internet_gateway_route" {
      + destination_cidr_block = "0.0.0.0/0"
      + gateway_id             = (known after apply)
      + id                     = (known after apply)
      + instance_id            = (known after apply)
      + instance_owner_id      = (known after apply)
      + network_interface_id   = (known after apply)
      + origin                 = (known after apply)
      + route_table_id         = (known after apply)
      + state                  = (known after apply)
    }

  # module.my_vpc.aws_route.internet_gateway_route[1] will be created
  + resource "aws_route" "internet_gateway_route" {
      + destination_cidr_block = "0.0.0.0/0"
      + gateway_id             = (known after apply)
      + id                     = (known after apply)
      + instance_id            = (known after apply)
      + instance_owner_id      = (known after apply)
      + network_interface_id   = (known after apply)
      + origin                 = (known after apply)
      + route_table_id         = (known after apply)
      + state                  = (known after apply)
    }

  # module.my_vpc.aws_route.nat_gateway_route[0] will be created
  + resource "aws_route" "nat_gateway_route" {
      + destination_cidr_block = "0.0.0.0/0"
      + gateway_id             = (known after apply)
      + id                     = (known after apply)
      + instance_id            = (known after apply)
      + instance_owner_id      = (known after apply)
      + network_interface_id   = (known after apply)
      + origin                 = (known after apply)
      + route_table_id         = (known after apply)
      + state                  = (known after apply)
    }

  # module.my_vpc.aws_route.nat_gateway_route[1] will be created
  + resource "aws_route" "nat_gateway_route" {
      + destination_cidr_block = "0.0.0.0/0"
      + gateway_id             = (known after apply)
      + id                     = (known after apply)
      + instance_id            = (known after apply)
      + instance_owner_id      = (known after apply)
      + network_interface_id   = (known after apply)
      + origin                 = (known after apply)
      + route_table_id         = (known after apply)
      + state                  = (known after apply)
    }

  # module.my_vpc.aws_route_table.default[0] will be created
  + resource "aws_route_table" "default" {
      + arn              = (known after apply)
      + id               = (known after apply)
      + owner_id         = (known after apply)
      + propagating_vgws = (known after apply)
      + route            = (known after apply)
      + tags             = {
          + "Name" = "public_subnet_route_table_0"
        }
      + tags_all         = {
          + "Name" = "public_subnet_route_table_0"
        }
      + vpc_id           = (known after apply)
    }

  # module.my_vpc.aws_route_table.default[1] will be created
  + resource "aws_route_table" "default" {
      + arn              = (known after apply)
      + id               = (known after apply)
      + owner_id         = (known after apply)
      + propagating_vgws = (known after apply)
      + route            = (known after apply)
      + tags             = {
          + "Name" = "public_subnet_route_table_1"
        }
      + tags_all         = {
          + "Name" = "public_subnet_route_table_1"
        }
      + vpc_id           = (known after apply)
    }

  # module.my_vpc.aws_route_table.private_route_table[0] will be created
  + resource "aws_route_table" "private_route_table" {
      + arn              = (known after apply)
      + id               = (known after apply)
      + owner_id         = (known after apply)
      + propagating_vgws = (known after apply)
      + route            = (known after apply)
      + tags             = {
          + "Name" = "private_subnet_route_table_0"
        }
      + tags_all         = {
          + "Name" = "private_subnet_route_table_0"
        }
      + vpc_id           = (known after apply)
    }

  # module.my_vpc.aws_route_table.private_route_table[1] will be created
  + resource "aws_route_table" "private_route_table" {
      + arn              = (known after apply)
      + id               = (known after apply)
      + owner_id         = (known after apply)
      + propagating_vgws = (known after apply)
      + route            = (known after apply)
      + tags             = {
          + "Name" = "private_subnet_route_table_1"
        }
      + tags_all         = {
          + "Name" = "private_subnet_route_table_1"
        }
      + vpc_id           = (known after apply)
    }

  # module.my_vpc.aws_route_table_association.default[0] will be created
  + resource "aws_route_table_association" "default" {
      + id             = (known after apply)
      + route_table_id = (known after apply)
      + subnet_id      = (known after apply)
    }

  # module.my_vpc.aws_route_table_association.default[1] will be created
  + resource "aws_route_table_association" "default" {
      + id             = (known after apply)
      + route_table_id = (known after apply)
      + subnet_id      = (known after apply)
    }

  # module.my_vpc.aws_route_table_association.private_route_table_association[0] will be created
  + resource "aws_route_table_association" "private_route_table_association" {
      + id             = (known after apply)
      + route_table_id = (known after apply)
      + subnet_id      = (known after apply)
    }

  # module.my_vpc.aws_route_table_association.private_route_table_association[1] will be created
  + resource "aws_route_table_association" "private_route_table_association" {
      + id             = (known after apply)
      + route_table_id = (known after apply)
      + subnet_id      = (known after apply)
    }

  # module.my_vpc.aws_subnet.private_subnet[0] will be created
  + resource "aws_subnet" "private_subnet" {
      + arn                                            = (known after apply)
      + assign_ipv6_address_on_creation                = false
      + availability_zone                              = (known after apply)
      + availability_zone_id                           = (known after apply)
      + cidr_block                                     = "192.168.3.0/24"
      + enable_dns64                                   = false
      + enable_resource_name_dns_a_record_on_launch    = false
      + enable_resource_name_dns_aaaa_record_on_launch = false
      + id                                             = (known after apply)
      + ipv6_cidr_block_association_id                 = (known after apply)
      + ipv6_native                                    = false
      + map_public_ip_on_launch                        = false
      + owner_id                                       = (known after apply)
      + private_dns_hostname_type_on_launch            = (known after apply)
      + tags                                           = {
          + "Name" = "private_subnet_0"
        }
      + tags_all                                       = {
          + "Name" = "private_subnet_0"
        }
      + vpc_id                                         = (known after apply)
    }

  # module.my_vpc.aws_subnet.private_subnet[1] will be created
  + resource "aws_subnet" "private_subnet" {
      + arn                                            = (known after apply)
      + assign_ipv6_address_on_creation                = false
      + availability_zone                              = (known after apply)
      + availability_zone_id                           = (known after apply)
      + cidr_block                                     = "192.168.4.0/24"
      + enable_dns64                                   = false
      + enable_resource_name_dns_a_record_on_launch    = false
      + enable_resource_name_dns_aaaa_record_on_launch = false
      + id                                             = (known after apply)
      + ipv6_cidr_block_association_id                 = (known after apply)
      + ipv6_native                                    = false
      + map_public_ip_on_launch                        = false
      + owner_id                                       = (known after apply)
      + private_dns_hostname_type_on_launch            = (known after apply)
      + tags                                           = {
          + "Name" = "private_subnet_1"
        }
      + tags_all                                       = {
          + "Name" = "private_subnet_1"
        }
      + vpc_id                                         = (known after apply)
    }

  # module.my_vpc.aws_subnet.public_subnet[0] will be created
  + resource "aws_subnet" "public_subnet" {
      + arn                                            = (known after apply)
      + assign_ipv6_address_on_creation                = false
      + availability_zone                              = (known after apply)
      + availability_zone_id                           = (known after apply)
      + cidr_block                                     = "192.168.1.0/24"
      + enable_dns64                                   = false
      + enable_resource_name_dns_a_record_on_launch    = false
      + enable_resource_name_dns_aaaa_record_on_launch = false
      + id                                             = (known after apply)
      + ipv6_cidr_block_association_id                 = (known after apply)
      + ipv6_native                                    = false
      + map_public_ip_on_launch                        = true
      + owner_id                                       = (known after apply)
      + private_dns_hostname_type_on_launch            = (known after apply)
      + tags                                           = {
          + "Name" = "public_subnet_0"
        }
      + tags_all                                       = {
          + "Name" = "public_subnet_0"
        }
      + vpc_id                                         = (known after apply)
    }

  # module.my_vpc.aws_subnet.public_subnet[1] will be created
  + resource "aws_subnet" "public_subnet" {
      + arn                                            = (known after apply)
      + assign_ipv6_address_on_creation                = false
      + availability_zone                              = (known after apply)
      + availability_zone_id                           = (known after apply)
      + cidr_block                                     = "192.168.2.0/24"
      + enable_dns64                                   = false
      + enable_resource_name_dns_a_record_on_launch    = false
      + enable_resource_name_dns_aaaa_record_on_launch = false
      + id                                             = (known after apply)
      + ipv6_cidr_block_association_id                 = (known after apply)
      + ipv6_native                                    = false
      + map_public_ip_on_launch                        = true
      + owner_id                                       = (known after apply)
      + private_dns_hostname_type_on_launch            = (known after apply)
      + tags                                           = {
          + "Name" = "public_subnet_1"
        }
      + tags_all                                       = {
          + "Name" = "public_subnet_1"
        }
      + vpc_id                                         = (known after apply)
    }

  # module.my_vpc.aws_vpc.geo_vpc will be created
  + resource "aws_vpc" "geo_vpc" {
      + arn                                  = (known after apply)
      + cidr_block                           = "192.168.0.0/16"
      + default_network_acl_id               = (known after apply)
      + default_route_table_id               = (known after apply)
      + default_security_group_id            = (known after apply)
      + dhcp_options_id                      = (known after apply)
      + enable_classiclink                   = (known after apply)
      + enable_classiclink_dns_support       = (known after apply)
      + enable_dns_hostnames                 = true
      + enable_dns_support                   = true
      + enable_network_address_usage_metrics = (known after apply)
      + id                                   = (known after apply)
      + instance_tenancy                     = "default"
      + ipv6_association_id                  = (known after apply)
      + ipv6_cidr_block                      = (known after apply)
      + ipv6_cidr_block_network_border_group = (known after apply)
      + main_route_table_id                  = (known after apply)
      + owner_id                             = (known after apply)
      + tags                                 = {
          + "Name" = "geo_vpc"
        }
      + tags_all                             = {
          + "Name" = "geo_vpc"
        }
    }

  # module.route53.aws_route53_record.private_record will be created
  + resource "aws_route53_record" "private_record" {
      + allow_overwrite = (known after apply)
      + fqdn            = (known after apply)
      + id              = (known after apply)
      + name            = "instance-test.geo-terraform-test.com"
      + records         = [
          + "instance-test.geo-terraform-test.com",
        ]
      + ttl             = 300
      + type            = "A"
      + zone_id         = (known after apply)
    }

  # module.route53.aws_route53_zone.private will be created
  + resource "aws_route53_zone" "private" {
      + arn                 = (known after apply)
      + comment             = "Managed by Terraform"
      + force_destroy       = false
      + id                  = (known after apply)
      + name                = "geo-terraform-test.com"
      + name_servers        = (known after apply)
      + primary_name_server = (known after apply)
      + tags                = {
          + "Environment" = "Test"
        }
      + tags_all            = {
          + "Environment" = "Test"
        }
      + zone_id             = (known after apply)

      + vpc {
          + vpc_id     = "192.168.3.0/24"
          + vpc_region = (known after apply)
        }
    }

  # module.s3.data.aws_iam_policy_document.allow_access will be read during apply
  # (config refers to values not yet known)
 <= data "aws_iam_policy_document" "allow_access"  {
      + id   = (known after apply)
      + json = (known after apply)

      + statement {
          + actions   = [
              + "s3:*",
            ]
          + resources = [
              + (known after apply),
            ]

          + condition {
              + test     = "ForAnyValue:StringEquals"
              + values   = [
                  + "bucket-owner-full-control",
                ]
              + variable = "s3:x-amz-acl"
            }

          + principals {
              + identifiers = [
                  + "arn:aws:iam::*",
                ]
              + type        = "AWS"
            }
        }
      + statement {
          + actions   = [
              + "s3:GetObject",
              + "s3:ListBucket",
            ]
          + resources = [
              + (known after apply),
            ]

          + principals {
              + identifiers = [
                  + "arn:aws:iam::*",
                ]
              + type        = "AWS"
            }
        }
    }

  # module.s3.aws_kms_key.mykey will be created
  + resource "aws_kms_key" "mykey" {
      + arn                                = (known after apply)
      + bypass_policy_lockout_safety_check = false
      + customer_master_key_spec           = "SYMMETRIC_DEFAULT"
      + deletion_window_in_days            = 10
      + description                        = "This key is used to encrypt bucket objects"
      + enable_key_rotation                = false
      + id                                 = (known after apply)
      + is_enabled                         = true
      + key_id                             = (known after apply)
      + key_usage                          = "ENCRYPT_DECRYPT"
      + multi_region                       = (known after apply)
      + policy                             = (known after apply)
      + tags_all                           = (known after apply)
    }

  # module.s3.aws_s3_bucket.bucket will be created
  + resource "aws_s3_bucket" "bucket" {
      + acceleration_status         = (known after apply)
      + acl                         = (known after apply)
      + arn                         = (known after apply)
      + bucket                      = (known after apply)
      + bucket_domain_name          = (known after apply)
      + bucket_regional_domain_name = (known after apply)
      + force_destroy               = false
      + hosted_zone_id              = (known after apply)
      + id                          = (known after apply)
      + object_lock_enabled         = (known after apply)
      + policy                      = (known after apply)
      + region                      = (known after apply)
      + request_payer               = (known after apply)
      + tags                        = {
          + "Name" = "My bucket"
        }
      + tags_all                    = {
          + "Name" = "My bucket"
        }
      + website_domain              = (known after apply)
      + website_endpoint            = (known after apply)

      + cors_rule {
          + allowed_headers = (known after apply)
          + allowed_methods = (known after apply)
          + allowed_origins = (known after apply)
          + expose_headers  = (known after apply)
          + max_age_seconds = (known after apply)
        }

      + grant {
          + id          = (known after apply)
          + permissions = (known after apply)
          + type        = (known after apply)
          + uri         = (known after apply)
        }

      + lifecycle_rule {
          + abort_incomplete_multipart_upload_days = (known after apply)
          + enabled                                = (known after apply)
          + id                                     = (known after apply)
          + prefix                                 = (known after apply)
          + tags                                   = (known after apply)

          + expiration {
              + date                         = (known after apply)
              + days                         = (known after apply)
              + expired_object_delete_marker = (known after apply)
            }

          + noncurrent_version_expiration {
              + days = (known after apply)
            }

          + noncurrent_version_transition {
              + days          = (known after apply)
              + storage_class = (known after apply)
            }

          + transition {
              + date          = (known after apply)
              + days          = (known after apply)
              + storage_class = (known after apply)
            }
        }

      + logging {
          + target_bucket = (known after apply)
          + target_prefix = (known after apply)
        }

      + object_lock_configuration {
          + object_lock_enabled = (known after apply)

          + rule {
              + default_retention {
                  + days  = (known after apply)
                  + mode  = (known after apply)
                  + years = (known after apply)
                }
            }
        }

      + replication_configuration {
          + role = (known after apply)

          + rules {
              + delete_marker_replication_status = (known after apply)
              + id                               = (known after apply)
              + prefix                           = (known after apply)
              + priority                         = (known after apply)
              + status                           = (known after apply)

              + destination {
                  + account_id         = (known after apply)
                  + bucket             = (known after apply)
                  + replica_kms_key_id = (known after apply)
                  + storage_class      = (known after apply)

                  + access_control_translation {
                      + owner = (known after apply)
                    }

                  + metrics {
                      + minutes = (known after apply)
                      + status  = (known after apply)
                    }

                  + replication_time {
                      + minutes = (known after apply)
                      + status  = (known after apply)
                    }
                }

              + filter {
                  + prefix = (known after apply)
                  + tags   = (known after apply)
                }

              + source_selection_criteria {
                  + sse_kms_encrypted_objects {
                      + enabled = (known after apply)
                    }
                }
            }
        }

      + server_side_encryption_configuration {
          + rule {
              + bucket_key_enabled = (known after apply)

              + apply_server_side_encryption_by_default {
                  + kms_master_key_id = (known after apply)
                  + sse_algorithm     = (known after apply)
                }
            }
        }

      + versioning {
          + enabled    = (known after apply)
          + mfa_delete = (known after apply)
        }

      + website {
          + error_document           = (known after apply)
          + index_document           = (known after apply)
          + redirect_all_requests_to = (known after apply)
          + routing_rules            = (known after apply)
        }
    }

  # module.s3.aws_s3_bucket_policy.bucket_policy will be created
  + resource "aws_s3_bucket_policy" "bucket_policy" {
      + bucket = (known after apply)
      + id     = (known after apply)
      + policy = (known after apply)
    }

  # module.s3.aws_s3_bucket_server_side_encryption_configuration.ecnrypt will be created
  + resource "aws_s3_bucket_server_side_encryption_configuration" "ecnrypt" {
      + bucket = (known after apply)
      + id     = (known after apply)

      + rule {
          + apply_server_side_encryption_by_default {
              + kms_master_key_id = (known after apply)
              + sse_algorithm     = "aws:kms"
            }
        }
    }

  # module.s3.random_id.random will be created
  + resource "random_id" "random" {
      + b64_std     = (known after apply)
      + b64_url     = (known after apply)
      + byte_length = 4
      + dec         = (known after apply)
      + hex         = (known after apply)
      + id          = (known after apply)
    }

Plan: 28 to add, 0 to change, 0 to destroy.

Note: You didn't use the -out option to save this plan, so Terraform can't guarantee to take exactly these actions if you run
"terraform apply" now.
